
Microsoft Visual Studio Solution File, Format Version 12.00
# Visual Studio 14
VisualStudioVersion = 14.0.24720.0
MinimumVisualStudioVersion = 10.0.40219.1
Project("{FAE04EC0-301F-11D3-BF4B-00C04F79EFBC}") = "1 - 256 Shades of Gray", "1 - 256 Shades of Gray\1 - 256 Shades of Gray.csproj", "{119D0D60-5D00-41ED-858B-6614151D9933}"
EndProject
Global
	GlobalSection(SolutionConfigurationPlatforms) = preSolution
		Debug|Any CPU = Debug|Any CPU
		Release|Any CPU = Release|Any CPU
	EndGlobalSection
	GlobalSection(ProjectConfigurationPlatforms) = postSolution
		{119D0D60-5D00-41ED-858B-6614151D9933}.Debug|Any CPU.ActiveCfg = Debug|Any CPU
		{119D0D60-5D00-41ED-858B-6614151D9933}.Debug|Any CPU.Build.0 = Debug|Any CPU
		{119D0D60-5D00-41ED-858B-6614151D9933}.Release|Any CPU.ActiveCfg = Release|Any CPU
		{119D0D60-5D00-41ED-858B-6614151D9933}.Release|Any CPU.Build.0 = Release|Any CPU
	EndGlobalSection
	GlobalSection(SolutionProperties) = preSolution
		HideSolutionNode = FALSE
	EndGlobalSection
	GlobalSection(CodealikeProperties) = postSolution
		SolutionGuid = 48b0f888-5669-47bd-9448-33af953303b0
	EndGlobalSection
EndGlobal
